# This file is generated by running "yarn install" inside your project.
# Manual changes might be lost - proceed with caution!

__metadata:
  version: 8
  cacheKey: 10c0

"colors@npm:^1.4.0":
  version: 1.4.0
  resolution: "colors@npm:1.4.0"
  checksum: 10c0/9af357c019da3c5a098a301cf64e3799d27549d8f185d86f79af23069e4f4303110d115da98483519331f6fb71c8568d5688fa1c6523600044fd4a54e97c4efb
  languageName: node
  linkType: hard

"diff@npm:^5.2.0":
  version: 5.2.0
  resolution: "diff@npm:5.2.0"
  checksum: 10c0/aed0941f206fe261ecb258dc8d0ceea8abbde3ace5827518ff8d302f0fc9cc81ce116c4d8f379151171336caf0516b79e01abdc1ed1201b6440d895a66689eb4
  languageName: node
  linkType: hard

"experimental@workspace:.":
  version: 0.0.0-use.local
  resolution: "experimental@workspace:."
  dependencies:
    colors: "npm:^1.4.0"
    diff: "npm:^5.2.0"
  languageName: unknown
  linkType: soft
